
Microsoft Visual Studio Solution File, Format Version 12.00
# Visual Studio Version 16
VisualStudioVersion = 16.0.29905.134
MinimumVisualStudioVersion = 10.0.40219.1
Project("{FAE04EC0-301F-11D3-BF4B-00C04F79EFBC}") = "Idea Generator", "Idea Generator.csproj", "{A585036D-CB46-4C0A-87D4-76D6B6FC5899}"
EndProject
Global
	GlobalSection(SolutionConfigurationPlatforms) = preSolution
		Debug|Any CPU = Debug|Any CPU
		Release|Any CPU = Release|Any CPU
	EndGlobalSection
	GlobalSection(ProjectConfigurationPlatforms) = postSolution
		{A585036D-CB46-4C0A-87D4-76D6B6FC5899}.Debug|Any CPU.ActiveCfg = Debug|Any CPU
		{A585036D-CB46-4C0A-87D4-76D6B6FC5899}.Debug|Any CPU.Build.0 = Debug|Any CPU
		{A585036D-CB46-4C0A-87D4-76D6B6FC5899}.Release|Any CPU.ActiveCfg = Release|Any CPU
		{A585036D-CB46-4C0A-87D4-76D6B6FC5899}.Release|Any CPU.Build.0 = Release|Any CPU
	EndGlobalSection
	GlobalSection(SolutionProperties) = preSolution
		HideSolutionNode = FALSE
	EndGlobalSection
	GlobalSection(ExtensibilityGlobals) = postSolution
		SolutionGuid = {C7371E5B-BA3F-43CA-A4D7-BAA5E640A1AE}
	EndGlobalSection
EndGlobal
